// !$*UTF8*$!
{
	archiveVersion = 1;
	classes = {
	};
	objectVersion = 56;
	objects = {

/* Begin PBXBuildFile section */
		C37466FD2C2190CC00FF5335 /* AppDelegate.swift in Sources */ = {isa = PBXBuildFile; fileRef = C37466FC2C2190CC00FF5335 /* AppDelegate.swift */; };
		C37466FF2C2190CC00FF5335 /* SceneDelegate.swift in Sources */ = {isa = PBXBuildFile; fileRef = C37466FE2C2190CC00FF5335 /* SceneDelegate.swift */; };
		C37467012C2190CC00FF5335 /* ViewController.swift in Sources */ = {isa = PBXBuildFile; fileRef = C37467002C2190CC00FF5335 /* ViewController.swift */; };
		C37467042C2190CC00FF5335 /* Base in Resources */ = {isa = PBXBuildFile; fileRef = C37467032C2190CC00FF5335 /* Base */; };
		C37467072C2190CC00FF5335 /* Git_Task_315.xcdatamodeld in Sources */ = {isa = PBXBuildFile; fileRef = C37467052C2190CC00FF5335 /* Git_Task_315.xcdatamodeld */; };
		C37467092C2190CE00FF5335 /* Assets.xcassets in Resources */ = {isa = PBXBuildFile; fileRef = C37467082C2190CE00FF5335 /* Assets.xcassets */; };
		C374670C2C2190CE00FF5335 /* Base in Resources */ = {isa = PBXBuildFile; fileRef = C374670B2C2190CE00FF5335 /* Base */; };
/* End PBXBuildFile section */

/* Begin PBXFileReference section */
		C37466F92C2190CC00FF5335 /* Git_Task_315.app */ = {isa = PBXFileReference; explicitFileType = wrapper.application; includeInIndex = 0; path = Git_Task_315.app; sourceTree = BUILT_PRODUCTS_DIR; };
		C37466FC2C2190CC00FF5335 /* AppDelegate.swift */ = {isa = PBXFileReference; lastKnownFileType = sourcecode.swift; path = AppDelegate.swift; sourceTree = "<group>"; };
		C37466FE2C2190CC00FF5335 /* SceneDelegate.swift */ = {isa = PBXFileReference; lastKnownFileType = sourcecode.swift; path = SceneDelegate.swift; sourceTree = "<group>"; };
		C37467002C2190CC00FF5335 /* ViewController.swift */ = {isa = PBXFileReference; lastKnownFileType = sourcecode.swift; path = ViewController.swift; sourceTree = "<group>"; };
		C37467032C2190CC00FF5335 /* Base */ = {isa = PBXFileReference; lastKnownFileType = file.storyboard; name = Base; path = Base.lproj/Main.storyboard; sourceTree = "<group>"; };
		C37467062C2190CC00FF5335 /* Git_Task_315.xcdatamodel */ = {isa = PBXFileReference; lastKnownFileType = wrapper.xcdatamodel; path = Git_Task_315.xcdatamodel; sourceTree = "<group>"; };
		C37467082C2190CE00FF5335 /* Assets.xcassets */ = {isa = PBXFileReference; lastKnownFileType = folder.assetcatalog; path = Assets.xcassets; sourceTree = "<group>"; };
		C374670B2C2190CE00FF5335 /* Base */ = {isa = PBXFileReference; lastKnownFileType = file.storyboard; name = Base; path = Base.lproj/LaunchScreen.storyboard; sourceTree = "<group>"; };
		C374670D2C2190CE00FF5335 /* Info.plist */ = {isa = PBXFileReference; lastKnownFileType = text.plist.xml; path = Info.plist; sourceTree = "<group>"; };
		C37467392C21A4B300FF5335 /* Tempfile.md */ = {isa = PBXFileReference; lastKnownFileType = net.daringfireball.markdown; path = Tempfile.md; sourceTree = "<group>"; };
/* End PBXFileReference section */

/* Begin PBXFrameworksBuildPhase section */
		C37466F62C2190CC00FF5335 /* Frameworks */ = {
			isa = PBXFrameworksBuildPhase;
			buildActionMask = 2147483647;
			files = (
			);
			runOnlyForDeploymentPostprocessing = 0;
		};
/* End PBXFrameworksBuildPhase section */

/* Begin PBXGroup section */
		C37466F02C2190CC00FF5335 = {
			isa = PBXGroup;
			children = (
				C37466FB2C2190CC00FF5335 /* Git_Task_315 */,
				C37466FA2C2190CC00FF5335 /* Products */,
			);
			sourceTree = "<group>";
		};
		C37466FA2C2190CC00FF5335 /* Products */ = {
			isa = PBXGroup;
			children = (
				C37466F92C2190CC00FF5335 /* Git_Task_315.app */,
			);
			name = Products;
			sourceTree = "<group>";
		};
		C37466FB2C2190CC00FF5335 /* Git_Task_315 */ = {
			isa = PBXGroup;
			children = (
				C37467382C21A49E00FF5335 /* ignoreGroup */,
				C37466FC2C2190CC00FF5335 /* AppDelegate.swift */,
				C37466FE2C2190CC00FF5335 /* SceneDelegate.swift */,
				C37467002C2190CC00FF5335 /* ViewController.swift */,
				C37467022C2190CC00FF5335 /* Main.storyboard */,
				C37467082C2190CE00FF5335 /* Assets.xcassets */,
				C374670A2C2190CE00FF5335 /* LaunchScreen.storyboard */,
				C374670D2C2190CE00FF5335 /* Info.plist */,
				C37467052C2190CC00FF5335 /* Git_Task_315.xcdatamodeld */,
			);
			path = Git_Task_315;
			sourceTree = "<group>";
		};
		C37467382C21A49E00FF5335 /* ignoreGroup */ = {
			isa = PBXGroup;
			children = (
				C37467392C21A4B300FF5335 /* Tempfile.md */,
			);
			path = ignoreGroup;
			sourceTree = "<group>";
		};
/* End PBXGroup section */

/* Begin PBXNativeTarget section */
		C37466F82C2190CC00FF5335 /* Git_Task_315 */ = {
			isa = PBXNativeTarget;
			buildConfigurationList = C37467102C2190CE00FF5335 /* Build configuration list for PBXNativeTarget "Git_Task_315" */;
			buildPhases = (
				C37466F52C2190CC00FF5335 /* Sources */,
				C37466F62C2190CC00FF5335 /* Frameworks */,
				C37466F72C2190CC00FF5335 /* Resources */,
			);
			buildRules = (
			);
			dependencies = (
			);
			name = Git_Task_315;
			productName = Git_Task_315;
			productReference = C37466F92C2190CC00FF5335 /* Git_Task_315.app */;
			productType = "com.apple.product-type.application";
		};
/* End PBXNativeTarget section */

/* Begin PBXProject section */
		C37466F12C2190CC00FF5335 /* Project object */ = {
			isa = PBXProject;
			attributes = {
				BuildIndependentTargetsInParallel = 1;
				LastSwiftUpdateCheck = 1530;
				LastUpgradeCheck = 1530;
				TargetAttributes = {
					C37466F82C2190CC00FF5335 = {
						CreatedOnToolsVersion = 15.3;
					};
				};
			};
			buildConfigurationList = C37466F42C2190CC00FF5335 /* Build configuration list for PBXProject "Git_Task_315" */;
			compatibilityVersion = "Xcode 14.0";
			developmentRegion = en;
			hasScannedForEncodings = 0;
			knownRegions = (
				en,
				Base,
			);
			mainGroup = C37466F02C2190CC00FF5335;
			productRefGroup = C37466FA2C2190CC00FF5335 /* Products */;
			projectDirPath = "";
			projectRoot = "";
			targets = (
				C37466F82C2190CC00FF5335 /* Git_Task_315 */,
			);
		};
/* End PBXProject section */

/* Begin PBXResourcesBuildPhase section */
		C37466F72C2190CC00FF5335 /* Resources */ = {
			isa = PBXResourcesBuildPhase;
			buildActionMask = 2147483647;
			files = (
				C37467092C2190CE00FF5335 /* Assets.xcassets in Resources */,
				C374670C2C2190CE00FF5335 /* Base in Resources */,
				C37467042C2190CC00FF5335 /* Base in Resources */,
			);
			runOnlyForDeploymentPostprocessing = 0;
		};
/* End PBXResourcesBuildPhase section */

/* Begin PBXSourcesBuildPhase section */
		C37466F52C2190CC00FF5335 /* Sources */ = {
			isa = PBXSourcesBuildPhase;
			buildActionMask = 2147483647;
			files = (
				C37467012C2190CC00FF5335 /* ViewController.swift in Sources */,
				C37466FD2C2190CC00FF5335 /* AppDelegate.swift in Sources */,
				C37466FF2C2190CC00FF5335 /* SceneDelegate.swift in Sources */,
				C37467072C2190CC00FF5335 /* Git_Task_315.xcdatamodeld in Sources */,
			);
			runOnlyForDeploymentPostprocessing = 0;
		};
/* End PBXSourcesBuildPhase section */

/* Begin PBXVariantGroup section */
		C37467022C2190CC00FF5335 /* Main.storyboard */ = {
			isa = PBXVariantGroup;
			children = (
				C37467032C2190CC00FF5335 /* Base */,
			);
			name = Main.storyboard;
			sourceTree = "<group>";
		};
		C374670A2C2190CE00FF5335 /* LaunchScreen.storyboard */ = {
			isa = PBXVariantGroup;
			children = (
				C374670B2C2190CE00FF5335 /* Base */,
			);
			name = LaunchScreen.storyboard;
			sourceTree = "<group>";
		};
/* End PBXVariantGroup section */

/* Begin XCBuildConfiguration section */
		C374670E2C2190CE00FF5335 /* Debug */ = {
			isa = XCBuildConfiguration;
			buildSettings = {
				ALWAYS_SEARCH_USER_PATHS = NO;
				ASSETCATALOG_COMPILER_GENERATE_SWIFT_ASSET_SYMBOL_EXTENSIONS = YES;
				CLANG_ANALYZER_NONNULL = YES;
				CLANG_ANALYZER_NUMBER_OBJECT_CONVERSION = YES_AGGRESSIVE;
				CLANG_CXX_LANGUAGE_STANDARD = "gnu++20";
				CLANG_ENABLE_MODULES = YES;
				CLANG_ENABLE_OBJC_ARC = YES;
				CLANG_ENABLE_OBJC_WEAK = YES;
				CLANG_WARN_BLOCK_CAPTURE_AUTORELEASING = YES;
				CLANG_WARN_BOOL_CONVERSION = YES;
				CLANG_WARN_COMMA = YES;
				CLANG_WARN_CONSTANT_CONVERSION = YES;
				CLANG_WARN_DEPRECATED_OBJC_IMPLEMENTATIONS = YES;
				CLANG_WARN_DIRECT_OBJC_ISA_USAGE = YES_ERROR;
				CLANG_WARN_DOCUMENTATION_COMMENTS = YES;
				CLANG_WARN_EMPTY_BODY = YES;
				CLANG_WARN_ENUM_CONVERSION = YES;
				CLANG_WARN_INFINITE_RECURSION = YES;
				CLANG_WARN_INT_CONVERSION = YES;
				CLANG_WARN_NON_LITERAL_NULL_CONVERSION = YES;
				CLANG_WARN_OBJC_IMPLICIT_RETAIN_SELF = YES;
				CLANG_WARN_OBJC_LITERAL_CONVERSION = YES;
				CLANG_WARN_OBJC_ROOT_CLASS = YES_ERROR;
				CLANG_WARN_QUOTED_INCLUDE_IN_FRAMEWORK_HEADER = YES;
				CLANG_WARN_RANGE_LOOP_ANALYSIS = YES;
				CLANG_WARN_STRICT_PROTOTYPES = YES;
				CLANG_WARN_SUSPICIOUS_MOVE = YES;
				CLANG_WARN_UNGUARDED_AVAILABILITY = YES_AGGRESSIVE;
				CLANG_WARN_UNREACHABLE_CODE = YES;
				CLANG_WARN__DUPLICATE_METHOD_MATCH = YES;
				COPY_PHASE_STRIP = NO;
				DEBUG_INFORMATION_FORMAT = dwarf;
				ENABLE_STRICT_OBJC_MSGSEND = YES;
				ENABLE_TESTABILITY = YES;
				ENABLE_USER_SCRIPT_SANDBOXING = YES;
				GCC_C_LANGUAGE_STANDARD = gnu17;
				GCC_DYNAMIC_NO_PIC = NO;
				GCC_NO_COMMON_BLOCKS = YES;
				GCC_OPTIMIZATION_LEVEL = 0;
				GCC_PREPROCESSOR_DEFINITIONS = (
					"DEBUG=1",
					"$(inherited)",
				);
				GCC_WARN_64_TO_32_BIT_CONVERSION = YES;
				GCC_WARN_ABOUT_RETURN_TYPE = YES_ERROR;
				GCC_WARN_UNDECLARED_SELECTOR = YES;
				GCC_WARN_UNINITIALIZED_AUTOS = YES_AGGRESSIVE;
				GCC_WARN_UNUSED_FUNCTION = YES;
				GCC_WARN_UNUSED_VARIABLE = YES;
				IPHONEOS_DEPLOYMENT_TARGET = 17.4;
				LOCALIZATION_PREFERS_STRING_CATALOGS = YES;
				MTL_ENABLE_DEBUG_INFO = INCLUDE_SOURCE;
				MTL_FAST_MATH = YES;
				ONLY_ACTIVE_ARCH = YES;
				SDKROOT = iphoneos;
				SWIFT_ACTIVE_COMPILATION_CONDITIONS = "DEBUG $(inherited)";
				SWIFT_OPTIMIZATION_LEVEL = "-Onone";
			};
			name = Debug;
		};
		C374670F2C2190CE00FF5335 /* Release */ = {
			isa = XCBuildConfiguration;
			buildSettings = {
				ALWAYS_SEARCH_USER_PATHS = NO;
				ASSETCATALOG_COMPILER_GENERATE_SWIFT_ASSET_SYMBOL_EXTENSIONS = YES;
				CLANG_ANALYZER_NONNULL = YES;
				CLANG_ANALYZER_NUMBER_OBJECT_CONVERSION = YES_AGGRESSIVE;
				CLANG_CXX_LANGUAGE_STANDARD = "gnu++20";
				CLANG_ENABLE_MODULES = YES;
				CLANG_ENABLE_OBJC_ARC = YES;
				CLANG_ENABLE_OBJC_WEAK = YES;
				CLANG_WARN_BLOCK_CAPTURE_AUTORELEASING = YES;
				CLANG_WARN_BOOL_CONVERSION = YES;
				CLANG_WARN_COMMA = YES;
				CLANG_WARN_CONSTANT_CONVERSION = YES;
				CLANG_WARN_DEPRECATED_OBJC_IMPLEMENTATIONS = YES;
				CLANG_WARN_DIRECT_OBJC_ISA_USAGE = YES_ERROR;
				CLANG_WARN_DOCUMENTATION_COMMENTS = YES;
				CLANG_WARN_EMPTY_BODY = YES;
				CLANG_WARN_ENUM_CONVERSION = YES;
				CLANG_WARN_INFINITE_RECURSION = YES;
				CLANG_WARN_INT_CONVERSION = YES;
				CLANG_WARN_NON_LITERAL_NULL_CONVERSION = YES;
				CLANG_WARN_OBJC_IMPLICIT_RETAIN_SELF = YES;
				CLANG_WARN_OBJC_LITERAL_CONVERSION = YES;
				CLANG_WARN_OBJC_ROOT_CLASS = YES_ERROR;
				CLANG_WARN_QUOTED_INCLUDE_IN_FRAMEWORK_HEADER = YES;
				CLANG_WARN_RANGE_LOOP_ANALYSIS = YES;
				CLANG_WARN_STRICT_PROTOTYPES = YES;
				CLANG_WARN_SUSPICIOUS_MOVE = YES;
				CLANG_WARN_UNGUARDED_AVAILABILITY = YES_AGGRESSIVE;
				CLANG_WARN_UNREACHABLE_CODE = YES;
				CLANG_WARN__DUPLICATE_METHOD_MATCH = YES;
				COPY_PHASE_STRIP = NO;
				DEBUG_INFORMATION_FORMAT = "dwarf-with-dsym";
				ENABLE_NS_ASSERTIONS = NO;
				ENABLE_STRICT_OBJC_MSGSEND = YES;
				ENABLE_USER_SCRIPT_SANDBOXING = YES;
				GCC_C_LANGUAGE_STANDARD = gnu17;
				GCC_NO_COMMON_BLOCKS = YES;
				GCC_WARN_64_TO_32_BIT_CONVERSION = YES;
				GCC_WARN_ABOUT_RETURN_TYPE = YES_ERROR;
				GCC_WARN_UNDECLARED_SELECTOR = YES;
				GCC_WARN_UNINITIALIZED_AUTOS = YES_AGGRESSIVE;
				GCC_WARN_UNUSED_FUNCTION = YES;
				GCC_WARN_UNUSED_VARIABLE = YES;
				IPHONEOS_DEPLOYMENT_TARGET = 17.4;
				LOCALIZATION_PREFERS_STRING_CATALOGS = YES;
				MTL_ENABLE_DEBUG_INFO = NO;
				MTL_FAST_MATH = YES;
				SDKROOT = iphoneos;
				SWIFT_COMPILATION_MODE = wholemodule;
				VALIDATE_PRODUCT = YES;
			};
			name = Release;
		};
		C37467112C2190CE00FF5335 /* Debug */ = {
			isa = XCBuildConfiguration;
			buildSettings = {
				ASSETCATALOG_COMPILER_APPICON_NAME = AppIcon;
				ASSETCATALOG_COMPILER_GLOBAL_ACCENT_COLOR_NAME = AccentColor;
				CODE_SIGN_STYLE = Automatic;
				CURRENT_PROJECT_VERSION = 1;
				GENERATE_INFOPLIST_FILE = YES;
				INFOPLIST_FILE = Git_Task_315/Info.plist;
				INFOPLIST_KEY_UIApplicationSupportsIndirectInputEvents = YES;
				INFOPLIST_KEY_UILaunchStoryboardName = LaunchScreen;
				INFOPLIST_KEY_UIMainStoryboardFile = Main;
				INFOPLIST_KEY_UISupportedInterfaceOrientations_iPad = "UIInterfaceOrientationPortrait UIInterfaceOrientationPortraitUpsideDown UIInterfaceOrientationLandscapeLeft UIInterfaceOrientationLandscapeRight";
				INFOPLIST_KEY_UISupportedInterfaceOrientations_iPhone = "UIInterfaceOrientationPortrait UIInterfaceOrientationLandscapeLeft UIInterfaceOrientationLandscapeRight";
				LD_RUNPATH_SEARCH_PATHS = (
					"$(inherited)",
					"@executable_path/Frameworks",
				);
				MARKETING_VERSION = 1.0;
				PRODUCT_BUNDLE_IDENTIFIER = "com.wcg.HF18.Git-Task-315";
				PRODUCT_NAME = "$(TARGET_NAME)";
				SWIFT_EMIT_LOC_STRINGS = YES;
				SWIFT_VERSION = 5.0;
				TARGETED_DEVICE_FAMILY = "1,2";
			};
			name = Debug;
		};
		C37467122C2190CE00FF5335 /* Release */ = {
			isa = XCBuildConfiguration;
			buildSettings = {
				ASSETCATALOG_COMPILER_APPICON_NAME = AppIcon;
				ASSETCATALOG_COMPILER_GLOBAL_ACCENT_COLOR_NAME = AccentColor;
				CODE_SIGN_STYLE = Automatic;
				CURRENT_PROJECT_VERSION = 1;
				GENERATE_INFOPLIST_FILE = YES;
				INFOPLIST_FILE = Git_Task_315/Info.plist;
				INFOPLIST_KEY_UIApplicationSupportsIndirectInputEvents = YES;
				INFOPLIST_KEY_UILaunchStoryboardName = LaunchScreen;
				INFOPLIST_KEY_UIMainStoryboardFile = Main;
				INFOPLIST_KEY_UISupportedInterfaceOrientations_iPad = "UIInterfaceOrientationPortrait UIInterfaceOrientationPortraitUpsideDown UIInterfaceOrientationLandscapeLeft UIInterfaceOrientationLandscapeRight";
				INFOPLIST_KEY_UISupportedInterfaceOrientations_iPhone = "UIInterfaceOrientationPortrait UIInterfaceOrientationLandscapeLeft UIInterfaceOrientationLandscapeRight";
				LD_RUNPATH_SEARCH_PATHS = (
					"$(inherited)",
					"@executable_path/Frameworks",
				);
				MARKETING_VERSION = 1.0;
				PRODUCT_BUNDLE_IDENTIFIER = "com.wcg.HF18.Git-Task-315";
				PRODUCT_NAME = "$(TARGET_NAME)";
				SWIFT_EMIT_LOC_STRINGS = YES;
				SWIFT_VERSION = 5.0;
				TARGETED_DEVICE_FAMILY = "1,2";
			};
			name = Release;
		};
/* End XCBuildConfiguration section */

/* Begin XCConfigurationList section */
		C37466F42C2190CC00FF5335 /* Build configuration list for PBXProject "Git_Task_315" */ = {
			isa = XCConfigurationList;
			buildConfigurations = (
				C374670E2C2190CE00FF5335 /* Debug */,
				C374670F2C2190CE00FF5335 /* Release */,
			);
			defaultConfigurationIsVisible = 0;
			defaultConfigurationName = Release;
		};
		C37467102C2190CE00FF5335 /* Build configuration list for PBXNativeTarget "Git_Task_315" */ = {
			isa = XCConfigurationList;
			buildConfigurations = (
				C37467112C2190CE00FF5335 /* Debug */,
				C37467122C2190CE00FF5335 /* Release */,
			);
			defaultConfigurationIsVisible = 0;
			defaultConfigurationName = Release;
		};
/* End XCConfigurationList section */

/* Begin XCVersionGroup section */
		C37467052C2190CC00FF5335 /* Git_Task_315.xcdatamodeld */ = {
			isa = XCVersionGroup;
			children = (
				C37467062C2190CC00FF5335 /* Git_Task_315.xcdatamodel */,
			);
			currentVersion = C37467062C2190CC00FF5335 /* Git_Task_315.xcdatamodel */;
			path = Git_Task_315.xcdatamodeld;
			sourceTree = "<group>";
			versionGroupType = wrapper.xcdatamodel;
		};
/* End XCVersionGroup section */
	};
	rootObject = C37466F12C2190CC00FF5335 /* Project object */;
}
